
Microsoft Visual Studio Solution File, Format Version 12.00
# Visual Studio Version 17
VisualStudioVersion = 17.9.34622.214
MinimumVisualStudioVersion = 10.0.40219.1
Project("{FAE04EC0-301F-11D3-BF4B-00C04F79EFBC}") = "ChessLogic", "ChessLogic\ChessLogic.csproj", "{65E58D03-8B2F-4E6B-9C61-4D035739DECD}"
EndProject
Project("{FAE04EC0-301F-11D3-BF4B-00C04F79EFBC}") = "ChessUI", "ChessUI\ChessUI.csproj", "{FFA15B59-30C3-43A0-BA45-46D91C120C52}"
EndProject
Global
	GlobalSection(SolutionConfigurationPlatforms) = preSolution
		Debug|Any CPU = Debug|Any CPU
		Release|Any CPU = Release|Any CPU
	EndGlobalSection
	GlobalSection(ProjectConfigurationPlatforms) = postSolution
		{65E58D03-8B2F-4E6B-9C61-4D035739DECD}.Debug|Any CPU.ActiveCfg = Debug|Any CPU
		{65E58D03-8B2F-4E6B-9C61-4D035739DECD}.Debug|Any CPU.Build.0 = Debug|Any CPU
		{65E58D03-8B2F-4E6B-9C61-4D035739DECD}.Release|Any CPU.ActiveCfg = Release|Any CPU
		{65E58D03-8B2F-4E6B-9C61-4D035739DECD}.Release|Any CPU.Build.0 = Release|Any CPU
		{FFA15B59-30C3-43A0-BA45-46D91C120C52}.Debug|Any CPU.ActiveCfg = Debug|Any CPU
		{FFA15B59-30C3-43A0-BA45-46D91C120C52}.Debug|Any CPU.Build.0 = Debug|Any CPU
		{FFA15B59-30C3-43A0-BA45-46D91C120C52}.Release|Any CPU.ActiveCfg = Release|Any CPU
		{FFA15B59-30C3-43A0-BA45-46D91C120C52}.Release|Any CPU.Build.0 = Release|Any CPU
	EndGlobalSection
	GlobalSection(SolutionProperties) = preSolution
		HideSolutionNode = FALSE
	EndGlobalSection
	GlobalSection(ExtensibilityGlobals) = postSolution
		SolutionGuid = {7B9B8FC9-A877-4BAD-AB5D-134646E476CC}
	EndGlobalSection
EndGlobal
